
Microsoft Visual Studio Solution File, Format Version 12.00
# Visual Studio Version 16
VisualStudioVersion = 16.0.31729.503
MinimumVisualStudioVersion = 10.0.40219.1
Project("{FAE04EC0-301F-11D3-BF4B-00C04F79EFBC}") = "test", "test\test.csproj", "{45229D51-0C5A-4DEF-9473-C467DF323E30}"
EndProject
Global
	GlobalSection(SolutionConfigurationPlatforms) = preSolution
		Debug|Any CPU = Debug|Any CPU
		Release|Any CPU = Release|Any CPU
	EndGlobalSection
	GlobalSection(ProjectConfigurationPlatforms) = postSolution
		{45229D51-0C5A-4DEF-9473-C467DF323E30}.Debug|Any CPU.ActiveCfg = Debug|Any CPU
		{45229D51-0C5A-4DEF-9473-C467DF323E30}.Debug|Any CPU.Build.0 = Debug|Any CPU
		{45229D51-0C5A-4DEF-9473-C467DF323E30}.Release|Any CPU.ActiveCfg = Release|Any CPU
		{45229D51-0C5A-4DEF-9473-C467DF323E30}.Release|Any CPU.Build.0 = Release|Any CPU
	EndGlobalSection
	GlobalSection(SolutionProperties) = preSolution
		HideSolutionNode = FALSE
	EndGlobalSection
	GlobalSection(ExtensibilityGlobals) = postSolution
		SolutionGuid = {C571E4BA-D32E-4619-A5D5-8E5AD37A5F69}
	EndGlobalSection
EndGlobal
