
Microsoft Visual Studio Solution File, Format Version 12.00
# Visual Studio Version 16
VisualStudioVersion = 16.0.31624.102
MinimumVisualStudioVersion = 10.0.40219.1
Project("{9A19103F-16F7-4668-BE54-9A1E7A4F7556}") = "Lab1", "Lab1\Lab1.csproj", "{2F10B3E2-4258-4075-880D-84591349162F}"
EndProject
Project("{FAE04EC0-301F-11D3-BF4B-00C04F79EFBC}") = "test", "test\test.csproj", "{74BD7A84-462A-43D2-9816-3D517CF52A40}"
EndProject
Global
	GlobalSection(SolutionConfigurationPlatforms) = preSolution
		Debug|Any CPU = Debug|Any CPU
		Release|Any CPU = Release|Any CPU
	EndGlobalSection
	GlobalSection(ProjectConfigurationPlatforms) = postSolution
		{2F10B3E2-4258-4075-880D-84591349162F}.Debug|Any CPU.ActiveCfg = Debug|Any CPU
		{2F10B3E2-4258-4075-880D-84591349162F}.Debug|Any CPU.Build.0 = Debug|Any CPU
		{2F10B3E2-4258-4075-880D-84591349162F}.Release|Any CPU.ActiveCfg = Release|Any CPU
		{2F10B3E2-4258-4075-880D-84591349162F}.Release|Any CPU.Build.0 = Release|Any CPU
		{74BD7A84-462A-43D2-9816-3D517CF52A40}.Debug|Any CPU.ActiveCfg = Debug|Any CPU
		{74BD7A84-462A-43D2-9816-3D517CF52A40}.Debug|Any CPU.Build.0 = Debug|Any CPU
		{74BD7A84-462A-43D2-9816-3D517CF52A40}.Release|Any CPU.ActiveCfg = Release|Any CPU
		{74BD7A84-462A-43D2-9816-3D517CF52A40}.Release|Any CPU.Build.0 = Release|Any CPU
	EndGlobalSection
	GlobalSection(SolutionProperties) = preSolution
		HideSolutionNode = FALSE
	EndGlobalSection
	GlobalSection(ExtensibilityGlobals) = postSolution
		SolutionGuid = {45AB84E5-8A92-4342-9616-B3A7C3B27331}
	EndGlobalSection
EndGlobal
